
Microsoft Visual Studio Solution File, Format Version 12.00
Project("{FAE04EC0-301F-11D3-BF4B-00C04F79EFBC}") = "FibSequence2Proj", "FibSequence2Proj\FibSequence2Proj.csproj", "{15AF5A29-0A8B-4025-9C5F-664D963C0DBD}"
EndProject
Global
	GlobalSection(SolutionConfigurationPlatforms) = preSolution
		Debug|Any CPU = Debug|Any CPU
		Release|Any CPU = Release|Any CPU
	EndGlobalSection
	GlobalSection(ProjectConfigurationPlatforms) = postSolution
		{15AF5A29-0A8B-4025-9C5F-664D963C0DBD}.Debug|Any CPU.ActiveCfg = Debug|Any CPU
		{15AF5A29-0A8B-4025-9C5F-664D963C0DBD}.Debug|Any CPU.Build.0 = Debug|Any CPU
		{15AF5A29-0A8B-4025-9C5F-664D963C0DBD}.Release|Any CPU.ActiveCfg = Release|Any CPU
		{15AF5A29-0A8B-4025-9C5F-664D963C0DBD}.Release|Any CPU.Build.0 = Release|Any CPU
	EndGlobalSection
EndGlobal
